
Microsoft Visual Studio Solution File, Format Version 12.00
# Visual Studio 15
VisualStudioVersion = 15.0.27130.2027
MinimumVisualStudioVersion = 10.0.40219.1
Project("{2150E333-8FDC-42A3-9474-1A3956D46DE8}") = "src", "src", "{E6DE26DD-00A8-4DCF-9D8E-36D259311A7B}"
EndProject
Project("{FAE04EC0-301F-11D3-BF4B-00C04F79EFBC}") = "BlazorDemoServer", "src\BlazorDemoServer\BlazorDemoServer.csproj", "{BAF31275-E440-4DE6-84B6-51059FFD2C6E}"
EndProject
Global
	GlobalSection(SolutionConfigurationPlatforms) = preSolution
		Debug|Any CPU = Debug|Any CPU
		Release|Any CPU = Release|Any CPU
	EndGlobalSection
	GlobalSection(ProjectConfigurationPlatforms) = postSolution
		{BAF31275-E440-4DE6-84B6-51059FFD2C6E}.Debug|Any CPU.ActiveCfg = Debug|Any CPU
		{BAF31275-E440-4DE6-84B6-51059FFD2C6E}.Debug|Any CPU.Build.0 = Debug|Any CPU
		{BAF31275-E440-4DE6-84B6-51059FFD2C6E}.Release|Any CPU.ActiveCfg = Release|Any CPU
		{BAF31275-E440-4DE6-84B6-51059FFD2C6E}.Release|Any CPU.Build.0 = Release|Any CPU
	EndGlobalSection
	GlobalSection(SolutionProperties) = preSolution
		HideSolutionNode = FALSE
	EndGlobalSection
	GlobalSection(NestedProjects) = preSolution
		{BAF31275-E440-4DE6-84B6-51059FFD2C6E} = {E6DE26DD-00A8-4DCF-9D8E-36D259311A7B}
	EndGlobalSection
	GlobalSection(ExtensibilityGlobals) = postSolution
		SolutionGuid = {5D2B51AD-E23F-4B47-914C-65CDE0F897E6}
	EndGlobalSection
EndGlobal
